// !$*UTF8*$!
{
	archiveVersion = 1;
	classes = {
	};
	objectVersion = 56;
	objects = {

/* Begin PBXBuildFile section */
		20D5EB902949278C00017CC0 /* AppDelegate.swift in Sources */ = {isa = PBXBuildFile; fileRef = 20D5EB8F2949278C00017CC0 /* AppDelegate.swift */; };
		20D5EB922949278C00017CC0 /* SceneDelegate.swift in Sources */ = {isa = PBXBuildFile; fileRef = 20D5EB912949278C00017CC0 /* SceneDelegate.swift */; };
		20D5EB942949278C00017CC0 /* ViewController.swift in Sources */ = {isa = PBXBuildFile; fileRef = 20D5EB932949278C00017CC0 /* ViewController.swift */; };
		20D5EB972949278C00017CC0 /* Main.storyboard in Resources */ = {isa = PBXBuildFile; fileRef = 20D5EB952949278C00017CC0 /* Main.storyboard */; };
		20D5EB992949278D00017CC0 /* Assets.xcassets in Resources */ = {isa = PBXBuildFile; fileRef = 20D5EB982949278D00017CC0 /* Assets.xcassets */; };
		20D5EB9C2949278D00017CC0 /* LaunchScreen.storyboard in Resources */ = {isa = PBXBuildFile; fileRef = 20D5EB9A2949278D00017CC0 /* LaunchScreen.storyboard */; };
		20D5EBA429492E6C00017CC0 /* schema.json in Resources */ = {isa = PBXBuildFile; fileRef = 20D5EBA329492E6C00017CC0 /* schema.json */; };
		20D5EBA62949343300017CC0 /* LaunchQuery.graphql in Resources */ = {isa = PBXBuildFile; fileRef = 20D5EBA52949343300017CC0 /* LaunchQuery.graphql */; };
		20D5EBA9294935F600017CC0 /* API.swift in Sources */ = {isa = PBXBuildFile; fileRef = 20D5EBA8294935F600017CC0 /* API.swift */; };
		20D5EBAB2949367500017CC0 /* Network.swift in Sources */ = {isa = PBXBuildFile; fileRef = 20D5EBAA2949367500017CC0 /* Network.swift */; };
		D42BC98E6007904C56B44189 /* Pods_GraphQLSampleApp.framework in Frameworks */ = {isa = PBXBuildFile; fileRef = 5C13B31D2FD1BFA5982834A4 /* Pods_GraphQLSampleApp.framework */; };
/* End PBXBuildFile section */

/* Begin PBXFileReference section */
		20D5EB8C2949278C00017CC0 /* GraphQLSampleApp.app */ = {isa = PBXFileReference; explicitFileType = wrapper.application; includeInIndex = 0; path = GraphQLSampleApp.app; sourceTree = BUILT_PRODUCTS_DIR; };
		20D5EB8F2949278C00017CC0 /* AppDelegate.swift */ = {isa = PBXFileReference; lastKnownFileType = sourcecode.swift; path = AppDelegate.swift; sourceTree = "<group>"; };
		20D5EB912949278C00017CC0 /* SceneDelegate.swift */ = {isa = PBXFileReference; lastKnownFileType = sourcecode.swift; path = SceneDelegate.swift; sourceTree = "<group>"; };
		20D5EB932949278C00017CC0 /* ViewController.swift */ = {isa = PBXFileReference; lastKnownFileType = sourcecode.swift; path = ViewController.swift; sourceTree = "<group>"; };
		20D5EB962949278C00017CC0 /* Base */ = {isa = PBXFileReference; lastKnownFileType = file.storyboard; name = Base; path = Base.lproj/Main.storyboard; sourceTree = "<group>"; };
		20D5EB982949278D00017CC0 /* Assets.xcassets */ = {isa = PBXFileReference; lastKnownFileType = folder.assetcatalog; path = Assets.xcassets; sourceTree = "<group>"; };
		20D5EB9B2949278D00017CC0 /* Base */ = {isa = PBXFileReference; lastKnownFileType = file.storyboard; name = Base; path = Base.lproj/LaunchScreen.storyboard; sourceTree = "<group>"; };
		20D5EB9D2949278D00017CC0 /* Info.plist */ = {isa = PBXFileReference; lastKnownFileType = text.plist.xml; path = Info.plist; sourceTree = "<group>"; };
		20D5EBA329492E6C00017CC0 /* schema.json */ = {isa = PBXFileReference; fileEncoding = 4; lastKnownFileType = text.json; path = schema.json; sourceTree = SOURCE_ROOT; };
		20D5EBA52949343300017CC0 /* LaunchQuery.graphql */ = {isa = PBXFileReference; lastKnownFileType = text; path = LaunchQuery.graphql; sourceTree = "<group>"; };
		20D5EBA8294935F600017CC0 /* API.swift */ = {isa = PBXFileReference; fileEncoding = 4; lastKnownFileType = sourcecode.swift; path = API.swift; sourceTree = "<group>"; };
		20D5EBAA2949367500017CC0 /* Network.swift */ = {isa = PBXFileReference; lastKnownFileType = sourcecode.swift; path = Network.swift; sourceTree = "<group>"; };
		5C13B31D2FD1BFA5982834A4 /* Pods_GraphQLSampleApp.framework */ = {isa = PBXFileReference; explicitFileType = wrapper.framework; includeInIndex = 0; path = Pods_GraphQLSampleApp.framework; sourceTree = BUILT_PRODUCTS_DIR; };
		E50D0EC959EA0D104BCA4C6B /* Pods-GraphQLSampleApp.debug.xcconfig */ = {isa = PBXFileReference; includeInIndex = 1; lastKnownFileType = text.xcconfig; name = "Pods-GraphQLSampleApp.debug.xcconfig"; path = "Target Support Files/Pods-GraphQLSampleApp/Pods-GraphQLSampleApp.debug.xcconfig"; sourceTree = "<group>"; };
		F2EB8AEC98818C1376D451BC /* Pods-GraphQLSampleApp.release.xcconfig */ = {isa = PBXFileReference; includeInIndex = 1; lastKnownFileType = text.xcconfig; name = "Pods-GraphQLSampleApp.release.xcconfig"; path = "Target Support Files/Pods-GraphQLSampleApp/Pods-GraphQLSampleApp.release.xcconfig"; sourceTree = "<group>"; };
/* End PBXFileReference section */

/* Begin PBXFrameworksBuildPhase section */
		20D5EB892949278C00017CC0 /* Frameworks */ = {
			isa = PBXFrameworksBuildPhase;
			buildActionMask = 2147483647;
			files = (
				D42BC98E6007904C56B44189 /* Pods_GraphQLSampleApp.framework in Frameworks */,
			);
			runOnlyForDeploymentPostprocessing = 0;
		};
/* End PBXFrameworksBuildPhase section */

/* Begin PBXGroup section */
		20D5EB832949278C00017CC0 = {
			isa = PBXGroup;
			children = (
				20D5EB8E2949278C00017CC0 /* GraphQLSampleApp */,
				20D5EB8D2949278C00017CC0 /* Products */,
				8F33A0314B84B128D21E4E05 /* Pods */,
				BBB9C6ACA72D8AEE85D59E0A /* Frameworks */,
			);
			sourceTree = "<group>";
		};
		20D5EB8D2949278C00017CC0 /* Products */ = {
			isa = PBXGroup;
			children = (
				20D5EB8C2949278C00017CC0 /* GraphQLSampleApp.app */,
			);
			name = Products;
			sourceTree = "<group>";
		};
		20D5EB8E2949278C00017CC0 /* GraphQLSampleApp */ = {
			isa = PBXGroup;
			children = (
				20D5EBA8294935F600017CC0 /* API.swift */,
				20D5EBA329492E6C00017CC0 /* schema.json */,
				20D5EB8F2949278C00017CC0 /* AppDelegate.swift */,
				20D5EB912949278C00017CC0 /* SceneDelegate.swift */,
				20D5EB932949278C00017CC0 /* ViewController.swift */,
				20D5EB952949278C00017CC0 /* Main.storyboard */,
				20D5EB982949278D00017CC0 /* Assets.xcassets */,
				20D5EB9A2949278D00017CC0 /* LaunchScreen.storyboard */,
				20D5EB9D2949278D00017CC0 /* Info.plist */,
				20D5EBA52949343300017CC0 /* LaunchQuery.graphql */,
				20D5EBAA2949367500017CC0 /* Network.swift */,
			);
			path = GraphQLSampleApp;
			sourceTree = "<group>";
		};
		8F33A0314B84B128D21E4E05 /* Pods */ = {
			isa = PBXGroup;
			children = (
				E50D0EC959EA0D104BCA4C6B /* Pods-GraphQLSampleApp.debug.xcconfig */,
				F2EB8AEC98818C1376D451BC /* Pods-GraphQLSampleApp.release.xcconfig */,
			);
			path = Pods;
			sourceTree = "<group>";
		};
		BBB9C6ACA72D8AEE85D59E0A /* Frameworks */ = {
			isa = PBXGroup;
			children = (
				5C13B31D2FD1BFA5982834A4 /* Pods_GraphQLSampleApp.framework */,
			);
			name = Frameworks;
			sourceTree = "<group>";
		};
/* End PBXGroup section */

/* Begin PBXNativeTarget section */
		20D5EB8B2949278C00017CC0 /* GraphQLSampleApp */ = {
			isa = PBXNativeTarget;
			buildConfigurationList = 20D5EBA02949278D00017CC0 /* Build configuration list for PBXNativeTarget "GraphQLSampleApp" */;
			buildPhases = (
				B54B9DEC14A32A2C8B6260C5 /* [CP] Check Pods Manifest.lock */,
				20D5EB882949278C00017CC0 /* Sources */,
				20D5EB892949278C00017CC0 /* Frameworks */,
				20D5EB8A2949278C00017CC0 /* Resources */,
				A192A4D594856440A16A06D7 /* [CP] Embed Pods Frameworks */,
				20D5EBA72949356D00017CC0 /* Generate Apollo GraphQL API */,
			);
			buildRules = (
			);
			dependencies = (
			);
			name = GraphQLSampleApp;
			productName = GraphQLSampleApp;
			productReference = 20D5EB8C2949278C00017CC0 /* GraphQLSampleApp.app */;
			productType = "com.apple.product-type.application";
		};
/* End PBXNativeTarget section */

/* Begin PBXProject section */
		20D5EB842949278C00017CC0 /* Project object */ = {
			isa = PBXProject;
			attributes = {
				BuildIndependentTargetsInParallel = 1;
				LastSwiftUpdateCheck = 1410;
				LastUpgradeCheck = 1410;
				TargetAttributes = {
					20D5EB8B2949278C00017CC0 = {
						CreatedOnToolsVersion = 14.1;
					};
				};
			};
			buildConfigurationList = 20D5EB872949278C00017CC0 /* Build configuration list for PBXProject "GraphQLSampleApp" */;
			compatibilityVersion = "Xcode 14.0";
			developmentRegion = en;
			hasScannedForEncodings = 0;
			knownRegions = (
				en,
				Base,
			);
			mainGroup = 20D5EB832949278C00017CC0;
			productRefGroup = 20D5EB8D2949278C00017CC0 /* Products */;
			projectDirPath = "";
			projectRoot = "";
			targets = (
				20D5EB8B2949278C00017CC0 /* GraphQLSampleApp */,
			);
		};
/* End PBXProject section */

/* Begin PBXResourcesBuildPhase section */
		20D5EB8A2949278C00017CC0 /* Resources */ = {
			isa = PBXResourcesBuildPhase;
			buildActionMask = 2147483647;
			files = (
				20D5EBA429492E6C00017CC0 /* schema.json in Resources */,
				20D5EB9C2949278D00017CC0 /* LaunchScreen.storyboard in Resources */,
				20D5EB992949278D00017CC0 /* Assets.xcassets in Resources */,
				20D5EBA62949343300017CC0 /* LaunchQuery.graphql in Resources */,
				20D5EB972949278C00017CC0 /* Main.storyboard in Resources */,
			);
			runOnlyForDeploymentPostprocessing = 0;
		};
/* End PBXResourcesBuildPhase section */

/* Begin PBXShellScriptBuildPhase section */
		20D5EBA72949356D00017CC0 /* Generate Apollo GraphQL API */ = {
			isa = PBXShellScriptBuildPhase;
			buildActionMask = 2147483647;
			files = (
			);
			inputFileListPaths = (
			);
			inputPaths = (
			);
			name = "Generate Apollo GraphQL API";
			outputFileListPaths = (
			);
			outputPaths = (
			);
			runOnlyForDeploymentPostprocessing = 0;
			shellPath = /bin/sh;
			shellScript = "# Type a script or drag a script file from your workspace to insert its path.\nSCRIPT_PATH=\"${PODS_ROOT}/Apollo/scripts\"\ncd \"${SRCROOT}/${TARGET_NAME}\"\n\"${SCRIPT_PATH}\"/run-bundled-codegen.sh codegen:generate --target=swift --includes=./**/*.graphql --localSchemaFile=\"${SRCROOT}/schema.json\" API.swift\n";
		};
		A192A4D594856440A16A06D7 /* [CP] Embed Pods Frameworks */ = {
			isa = PBXShellScriptBuildPhase;
			buildActionMask = 2147483647;
			files = (
			);
			inputFileListPaths = (
				"${PODS_ROOT}/Target Support Files/Pods-GraphQLSampleApp/Pods-GraphQLSampleApp-frameworks-${CONFIGURATION}-input-files.xcfilelist",
			);
			name = "[CP] Embed Pods Frameworks";
			outputFileListPaths = (
				"${PODS_ROOT}/Target Support Files/Pods-GraphQLSampleApp/Pods-GraphQLSampleApp-frameworks-${CONFIGURATION}-output-files.xcfilelist",
			);
			runOnlyForDeploymentPostprocessing = 0;
			shellPath = /bin/sh;
			shellScript = "\"${PODS_ROOT}/Target Support Files/Pods-GraphQLSampleApp/Pods-GraphQLSampleApp-frameworks.sh\"\n";
			showEnvVarsInLog = 0;
		};
		B54B9DEC14A32A2C8B6260C5 /* [CP] Check Pods Manifest.lock */ = {
			isa = PBXShellScriptBuildPhase;
			buildActionMask = 2147483647;
			files = (
			);
			inputFileListPaths = (
			);
			inputPaths = (
				"${PODS_PODFILE_DIR_PATH}/Podfile.lock",
				"${PODS_ROOT}/Manifest.lock",
			);
			name = "[CP] Check Pods Manifest.lock";
			outputFileListPaths = (
			);
			outputPaths = (
				"$(DERIVED_FILE_DIR)/Pods-GraphQLSampleApp-checkManifestLockResult.txt",
			);
			runOnlyForDeploymentPostprocessing = 0;
			shellPath = /bin/sh;
			shellScript = "diff \"${PODS_PODFILE_DIR_PATH}/Podfile.lock\" \"${PODS_ROOT}/Manifest.lock\" > /dev/null\nif [ $? != 0 ] ; then\n    # print error to STDERR\n    echo \"error: The sandbox is not in sync with the Podfile.lock. Run 'pod install' or update your CocoaPods installation.\" >&2\n    exit 1\nfi\n# This output is used by Xcode 'outputs' to avoid re-running this script phase.\necho \"SUCCESS\" > \"${SCRIPT_OUTPUT_FILE_0}\"\n";
			showEnvVarsInLog = 0;
		};
/* End PBXShellScriptBuildPhase section */

/* Begin PBXSourcesBuildPhase section */
		20D5EB882949278C00017CC0 /* Sources */ = {
			isa = PBXSourcesBuildPhase;
			buildActionMask = 2147483647;
			files = (
				20D5EBAB2949367500017CC0 /* Network.swift in Sources */,
				20D5EB942949278C00017CC0 /* ViewController.swift in Sources */,
				20D5EB902949278C00017CC0 /* AppDelegate.swift in Sources */,
				20D5EBA9294935F600017CC0 /* API.swift in Sources */,
				20D5EB922949278C00017CC0 /* SceneDelegate.swift in Sources */,
			);
			runOnlyForDeploymentPostprocessing = 0;
		};
/* End PBXSourcesBuildPhase section */

/* Begin PBXVariantGroup section */
		20D5EB952949278C00017CC0 /* Main.storyboard */ = {
			isa = PBXVariantGroup;
			children = (
				20D5EB962949278C00017CC0 /* Base */,
			);
			name = Main.storyboard;
			sourceTree = "<group>";
		};
		20D5EB9A2949278D00017CC0 /* LaunchScreen.storyboard */ = {
			isa = PBXVariantGroup;
			children = (
				20D5EB9B2949278D00017CC0 /* Base */,
			);
			name = LaunchScreen.storyboard;
			sourceTree = "<group>";
		};
/* End PBXVariantGroup section */

/* Begin XCBuildConfiguration section */
		20D5EB9E2949278D00017CC0 /* Debug */ = {
			isa = XCBuildConfiguration;
			buildSettings = {
				ALWAYS_SEARCH_USER_PATHS = NO;
				CLANG_ANALYZER_NONNULL = YES;
				CLANG_ANALYZER_NUMBER_OBJECT_CONVERSION = YES_AGGRESSIVE;
				CLANG_CXX_LANGUAGE_STANDARD = "gnu++20";
				CLANG_ENABLE_MODULES = YES;
				CLANG_ENABLE_OBJC_ARC = YES;
				CLANG_ENABLE_OBJC_WEAK = YES;
				CLANG_WARN_BLOCK_CAPTURE_AUTORELEASING = YES;
				CLANG_WARN_BOOL_CONVERSION = YES;
				CLANG_WARN_COMMA = YES;
				CLANG_WARN_CONSTANT_CONVERSION = YES;
				CLANG_WARN_DEPRECATED_OBJC_IMPLEMENTATIONS = YES;
				CLANG_WARN_DIRECT_OBJC_ISA_USAGE = YES_ERROR;
				CLANG_WARN_DOCUMENTATION_COMMENTS = YES;
				CLANG_WARN_EMPTY_BODY = YES;
				CLANG_WARN_ENUM_CONVERSION = YES;
				CLANG_WARN_INFINITE_RECURSION = YES;
				CLANG_WARN_INT_CONVERSION = YES;
				CLANG_WARN_NON_LITERAL_NULL_CONVERSION = YES;
				CLANG_WARN_OBJC_IMPLICIT_RETAIN_SELF = YES;
				CLANG_WARN_OBJC_LITERAL_CONVERSION = YES;
				CLANG_WARN_OBJC_ROOT_CLASS = YES_ERROR;
				CLANG_WARN_QUOTED_INCLUDE_IN_FRAMEWORK_HEADER = YES;
				CLANG_WARN_RANGE_LOOP_ANALYSIS = YES;
				CLANG_WARN_STRICT_PROTOTYPES = YES;
				CLANG_WARN_SUSPICIOUS_MOVE = YES;
				CLANG_WARN_UNGUARDED_AVAILABILITY = YES_AGGRESSIVE;
				CLANG_WARN_UNREACHABLE_CODE = YES;
				CLANG_WARN__DUPLICATE_METHOD_MATCH = YES;
				COPY_PHASE_STRIP = NO;
				DEBUG_INFORMATION_FORMAT = dwarf;
				ENABLE_STRICT_OBJC_MSGSEND = YES;
				ENABLE_TESTABILITY = YES;
				GCC_C_LANGUAGE_STANDARD = gnu11;
				GCC_DYNAMIC_NO_PIC = NO;
				GCC_NO_COMMON_BLOCKS = YES;
				GCC_OPTIMIZATION_LEVEL = 0;
				GCC_PREPROCESSOR_DEFINITIONS = (
					"DEBUG=1",
					"$(inherited)",
				);
				GCC_WARN_64_TO_32_BIT_CONVERSION = YES;
				GCC_WARN_ABOUT_RETURN_TYPE = YES_ERROR;
				GCC_WARN_UNDECLARED_SELECTOR = YES;
				GCC_WARN_UNINITIALIZED_AUTOS = YES_AGGRESSIVE;
				GCC_WARN_UNUSED_FUNCTION = YES;
				GCC_WARN_UNUSED_VARIABLE = YES;
				IPHONEOS_DEPLOYMENT_TARGET = 16.1;
				MTL_ENABLE_DEBUG_INFO = INCLUDE_SOURCE;
				MTL_FAST_MATH = YES;
				ONLY_ACTIVE_ARCH = YES;
				SDKROOT = iphoneos;
				SWIFT_ACTIVE_COMPILATION_CONDITIONS = DEBUG;
				SWIFT_OPTIMIZATION_LEVEL = "-Onone";
			};
			name = Debug;
		};
		20D5EB9F2949278D00017CC0 /* Release */ = {
			isa = XCBuildConfiguration;
			buildSettings = {
				ALWAYS_SEARCH_USER_PATHS = NO;
				CLANG_ANALYZER_NONNULL = YES;
				CLANG_ANALYZER_NUMBER_OBJECT_CONVERSION = YES_AGGRESSIVE;
				CLANG_CXX_LANGUAGE_STANDARD = "gnu++20";
				CLANG_ENABLE_MODULES = YES;
				CLANG_ENABLE_OBJC_ARC = YES;
				CLANG_ENABLE_OBJC_WEAK = YES;
				CLANG_WARN_BLOCK_CAPTURE_AUTORELEASING = YES;
				CLANG_WARN_BOOL_CONVERSION = YES;
				CLANG_WARN_COMMA = YES;
				CLANG_WARN_CONSTANT_CONVERSION = YES;
				CLANG_WARN_DEPRECATED_OBJC_IMPLEMENTATIONS = YES;
				CLANG_WARN_DIRECT_OBJC_ISA_USAGE = YES_ERROR;
				CLANG_WARN_DOCUMENTATION_COMMENTS = YES;
				CLANG_WARN_EMPTY_BODY = YES;
				CLANG_WARN_ENUM_CONVERSION = YES;
				CLANG_WARN_INFINITE_RECURSION = YES;
				CLANG_WARN_INT_CONVERSION = YES;
				CLANG_WARN_NON_LITERAL_NULL_CONVERSION = YES;
				CLANG_WARN_OBJC_IMPLICIT_RETAIN_SELF = YES;
				CLANG_WARN_OBJC_LITERAL_CONVERSION = YES;
				CLANG_WARN_OBJC_ROOT_CLASS = YES_ERROR;
				CLANG_WARN_QUOTED_INCLUDE_IN_FRAMEWORK_HEADER = YES;
				CLANG_WARN_RANGE_LOOP_ANALYSIS = YES;
				CLANG_WARN_STRICT_PROTOTYPES = YES;
				CLANG_WARN_SUSPICIOUS_MOVE = YES;
				CLANG_WARN_UNGUARDED_AVAILABILITY = YES_AGGRESSIVE;
				CLANG_WARN_UNREACHABLE_CODE = YES;
				CLANG_WARN__DUPLICATE_METHOD_MATCH = YES;
				COPY_PHASE_STRIP = NO;
				DEBUG_INFORMATION_FORMAT = "dwarf-with-dsym";
				ENABLE_NS_ASSERTIONS = NO;
				ENABLE_STRICT_OBJC_MSGSEND = YES;
				GCC_C_LANGUAGE_STANDARD = gnu11;
				GCC_NO_COMMON_BLOCKS = YES;
				GCC_WARN_64_TO_32_BIT_CONVERSION = YES;
				GCC_WARN_ABOUT_RETURN_TYPE = YES_ERROR;
				GCC_WARN_UNDECLARED_SELECTOR = YES;
				GCC_WARN_UNINITIALIZED_AUTOS = YES_AGGRESSIVE;
				GCC_WARN_UNUSED_FUNCTION = YES;
				GCC_WARN_UNUSED_VARIABLE = YES;
				IPHONEOS_DEPLOYMENT_TARGET = 16.1;
				MTL_ENABLE_DEBUG_INFO = NO;
				MTL_FAST_MATH = YES;
				SDKROOT = iphoneos;
				SWIFT_COMPILATION_MODE = wholemodule;
				SWIFT_OPTIMIZATION_LEVEL = "-O";
				VALIDATE_PRODUCT = YES;
			};
			name = Release;
		};
		20D5EBA12949278D00017CC0 /* Debug */ = {
			isa = XCBuildConfiguration;
			baseConfigurationReference = E50D0EC959EA0D104BCA4C6B /* Pods-GraphQLSampleApp.debug.xcconfig */;
			buildSettings = {
				ASSETCATALOG_COMPILER_APPICON_NAME = AppIcon;
				ASSETCATALOG_COMPILER_GLOBAL_ACCENT_COLOR_NAME = AccentColor;
				CODE_SIGN_STYLE = Automatic;
				CURRENT_PROJECT_VERSION = 1;
				GENERATE_INFOPLIST_FILE = YES;
				INFOPLIST_FILE = GraphQLSampleApp/Info.plist;
				INFOPLIST_KEY_UIApplicationSupportsIndirectInputEvents = YES;
				INFOPLIST_KEY_UILaunchStoryboardName = LaunchScreen;
				INFOPLIST_KEY_UIMainStoryboardFile = Main;
				INFOPLIST_KEY_UISupportedInterfaceOrientations_iPad = "UIInterfaceOrientationPortrait UIInterfaceOrientationPortraitUpsideDown UIInterfaceOrientationLandscapeLeft UIInterfaceOrientationLandscapeRight";
				INFOPLIST_KEY_UISupportedInterfaceOrientations_iPhone = "UIInterfaceOrientationPortrait UIInterfaceOrientationLandscapeLeft UIInterfaceOrientationLandscapeRight";
				LD_RUNPATH_SEARCH_PATHS = (
					"$(inherited)",
					"@executable_path/Frameworks",
				);
				MARKETING_VERSION = 1.0;
				PRODUCT_BUNDLE_IDENTIFIER = com.parhud.GraphQLSampleApp;
				PRODUCT_NAME = "$(TARGET_NAME)";
				SWIFT_EMIT_LOC_STRINGS = YES;
				SWIFT_VERSION = 5.0;
				TARGETED_DEVICE_FAMILY = "1,2";
			};
			name = Debug;
		};
		20D5EBA22949278D00017CC0 /* Release */ = {
			isa = XCBuildConfiguration;
			baseConfigurationReference = F2EB8AEC98818C1376D451BC /* Pods-GraphQLSampleApp.release.xcconfig */;
			buildSettings = {
				ASSETCATALOG_COMPILER_APPICON_NAME = AppIcon;
				ASSETCATALOG_COMPILER_GLOBAL_ACCENT_COLOR_NAME = AccentColor;
				CODE_SIGN_STYLE = Automatic;
				CURRENT_PROJECT_VERSION = 1;
				GENERATE_INFOPLIST_FILE = YES;
				INFOPLIST_FILE = GraphQLSampleApp/Info.plist;
				INFOPLIST_KEY_UIApplicationSupportsIndirectInputEvents = YES;
				INFOPLIST_KEY_UILaunchStoryboardName = LaunchScreen;
				INFOPLIST_KEY_UIMainStoryboardFile = Main;
				INFOPLIST_KEY_UISupportedInterfaceOrientations_iPad = "UIInterfaceOrientationPortrait UIInterfaceOrientationPortraitUpsideDown UIInterfaceOrientationLandscapeLeft UIInterfaceOrientationLandscapeRight";
				INFOPLIST_KEY_UISupportedInterfaceOrientations_iPhone = "UIInterfaceOrientationPortrait UIInterfaceOrientationLandscapeLeft UIInterfaceOrientationLandscapeRight";
				LD_RUNPATH_SEARCH_PATHS = (
					"$(inherited)",
					"@executable_path/Frameworks",
				);
				MARKETING_VERSION = 1.0;
				PRODUCT_BUNDLE_IDENTIFIER = com.parhud.GraphQLSampleApp;
				PRODUCT_NAME = "$(TARGET_NAME)";
				SWIFT_EMIT_LOC_STRINGS = YES;
				SWIFT_VERSION = 5.0;
				TARGETED_DEVICE_FAMILY = "1,2";
			};
			name = Release;
		};
/* End XCBuildConfiguration section */

/* Begin XCConfigurationList section */
		20D5EB872949278C00017CC0 /* Build configuration list for PBXProject "GraphQLSampleApp" */ = {
			isa = XCConfigurationList;
			buildConfigurations = (
				20D5EB9E2949278D00017CC0 /* Debug */,
				20D5EB9F2949278D00017CC0 /* Release */,
			);
			defaultConfigurationIsVisible = 0;
			defaultConfigurationName = Release;
		};
		20D5EBA02949278D00017CC0 /* Build configuration list for PBXNativeTarget "GraphQLSampleApp" */ = {
			isa = XCConfigurationList;
			buildConfigurations = (
				20D5EBA12949278D00017CC0 /* Debug */,
				20D5EBA22949278D00017CC0 /* Release */,
			);
			defaultConfigurationIsVisible = 0;
			defaultConfigurationName = Release;
		};
/* End XCConfigurationList section */
	};
	rootObject = 20D5EB842949278C00017CC0 /* Project object */;
}
